{
  "nodes": {
    "nixpkgs": {
      "locked": {
        "lastModified": 1770019141,
        "narHash": "sha256-VKS4ZLNx4PNrABoB0L8KUpc1fE7CLpQXQs985tGfaCU=",
        "owner": "nixos",
        "repo": "nixpkgs",
        "rev": "cb369ef2efd432b3cdf8622b0ffc0a97a02f3137",
        "type": "github"
      },
      "original": {
        "owner": "nixos",
        "ref": "nixos-unstable",
        "repo": "nixpkgs",
        "type": "github"
      }
    },
    "quickshell": {
      "inputs": {
        "nixpkgs": [
          "nixpkgs"
        ]
      },
      "locked": {
        "lastModified": 1769593411,
        "narHash": "sha256-WW00FaBiUmQyxvSbefvgxIjwf/WmRrEGBbwMHvW/7uQ=",
        "ref": "refs/heads/master",
        "rev": "1e4d804e7f3fa7465811030e8da2bf10d544426a",
        "revCount": 732,
        "type": "git",
        "url": "https://git.outfoxxed.me/outfoxxed/quickshell"
      },
      "original": {
        "type": "git",
        "url": "https://git.outfoxxed.me/outfoxxed/quickshell"
      }
    },
    "root": {
      "inputs": {
        "nixpkgs": "nixpkgs",
        "quickshell": "quickshell"
      }
    }
  },
  "root": "root",
  "version": 7
}
